[[package]]
name = "random2"
version = "1.0.1"
description = "Python 3 compatible Pytohn 2 `random` Module."
category = "main"
optional = false
python-versions = "*"

[metadata]
lock-version = "1.1"
python-versions = "^3.10"
content-hash = "268eedd12304326d72c6d7bc7615efcad75311e5841149e88f52aaf845859280"

[metadata.files]
random2 = []
